
Microsoft Visual Studio Solution File, Format Version 11.00
# Visual Studio 2010
Project("{F184B08F-C81C-45F6-A57F-5ABD9991F28F}") = "BaseComponents", "BaseComponents\BaseComponents.vbproj", "{F4A3D9A9-A2FB-4611-A26D-3B1EF3278766}"
EndProject
Project("{F184B08F-C81C-45F6-A57F-5ABD9991F28F}") = "NoNoBetClient", "Application\NoNoBetClient.vbproj", "{9E065C25-A8AD-4C62-A6A2-707ECA8A2FFF}"
EndProject
Project("{F184B08F-C81C-45F6-A57F-5ABD9991F28F}") = "DbInterface", "DbInterface\DbInterface.vbproj", "{CD23EB3D-FF2E-477D-B7A8-14C606B3A33B}"
EndProject
Project("{F184B08F-C81C-45F6-A57F-5ABD9991F28F}") = "NoNoBetComponents", "NoNoBetComponents\NoNoBetComponents.vbproj", "{AE8E2077-E224-4C01-874D-1F029270FECA}"
EndProject
Project("{F184B08F-C81C-45F6-A57F-5ABD9991F28F}") = "NoNoBetDb", "NoNoBetDb\NoNoBetDb.vbproj", "{2E3D3A88-22E2-44D7-A298-88A9021AEC38}"
EndProject
Project("{F184B08F-C81C-45F6-A57F-5ABD9991F28F}") = "NoNoBetConfig", "NoNoBetConfig\NoNoBetConfig.vbproj", "{2CF167E9-65EC-4D8C-97F0-E6C84ED31652}"
EndProject
Project("{F184B08F-C81C-45F6-A57F-5ABD9991F28F}") = "MenuItemHandler", "MenuItemHandler\MenuItemHandler.vbproj", "{E54CB42C-D268-4FA5-A00B-8156D1A2EF4C}"
EndProject
Project("{F184B08F-C81C-45F6-A57F-5ABD9991F28F}") = "NoNoBetResources", "NoNoBetResources\NoNoBetResources.vbproj", "{4ACA7912-08AA-4CFA-8FA1-C1C60D70FE5B}"
EndProject
Global
	GlobalSection(SolutionConfigurationPlatforms) = preSolution
		Debug|Any CPU = Debug|Any CPU
		Release|Any CPU = Release|Any CPU
	EndGlobalSection
	GlobalSection(ProjectConfigurationPlatforms) = postSolution
		{F4A3D9A9-A2FB-4611-A26D-3B1EF3278766}.Debug|Any CPU.ActiveCfg = Debug|Any CPU
		{F4A3D9A9-A2FB-4611-A26D-3B1EF3278766}.Debug|Any CPU.Build.0 = Debug|Any CPU
		{F4A3D9A9-A2FB-4611-A26D-3B1EF3278766}.Release|Any CPU.ActiveCfg = Release|Any CPU
		{F4A3D9A9-A2FB-4611-A26D-3B1EF3278766}.Release|Any CPU.Build.0 = Release|Any CPU
		{9E065C25-A8AD-4C62-A6A2-707ECA8A2FFF}.Debug|Any CPU.ActiveCfg = Debug|Any CPU
		{9E065C25-A8AD-4C62-A6A2-707ECA8A2FFF}.Debug|Any CPU.Build.0 = Debug|Any CPU
		{9E065C25-A8AD-4C62-A6A2-707ECA8A2FFF}.Release|Any CPU.ActiveCfg = Release|Any CPU
		{9E065C25-A8AD-4C62-A6A2-707ECA8A2FFF}.Release|Any CPU.Build.0 = Release|Any CPU
		{CD23EB3D-FF2E-477D-B7A8-14C606B3A33B}.Debug|Any CPU.ActiveCfg = Debug|Any CPU
		{CD23EB3D-FF2E-477D-B7A8-14C606B3A33B}.Debug|Any CPU.Build.0 = Debug|Any CPU
		{CD23EB3D-FF2E-477D-B7A8-14C606B3A33B}.Release|Any CPU.ActiveCfg = Release|Any CPU
		{CD23EB3D-FF2E-477D-B7A8-14C606B3A33B}.Release|Any CPU.Build.0 = Release|Any CPU
		{AE8E2077-E224-4C01-874D-1F029270FECA}.Debug|Any CPU.ActiveCfg = Debug|Any CPU
		{AE8E2077-E224-4C01-874D-1F029270FECA}.Debug|Any CPU.Build.0 = Debug|Any CPU
		{AE8E2077-E224-4C01-874D-1F029270FECA}.Release|Any CPU.ActiveCfg = Release|Any CPU
		{AE8E2077-E224-4C01-874D-1F029270FECA}.Release|Any CPU.Build.0 = Release|Any CPU
		{2E3D3A88-22E2-44D7-A298-88A9021AEC38}.Debug|Any CPU.ActiveCfg = Debug|Any CPU
		{2E3D3A88-22E2-44D7-A298-88A9021AEC38}.Debug|Any CPU.Build.0 = Debug|Any CPU
		{2E3D3A88-22E2-44D7-A298-88A9021AEC38}.Release|Any CPU.ActiveCfg = Release|Any CPU
		{2E3D3A88-22E2-44D7-A298-88A9021AEC38}.Release|Any CPU.Build.0 = Release|Any CPU
		{2CF167E9-65EC-4D8C-97F0-E6C84ED31652}.Debug|Any CPU.ActiveCfg = Debug|Any CPU
		{2CF167E9-65EC-4D8C-97F0-E6C84ED31652}.Debug|Any CPU.Build.0 = Debug|Any CPU
		{2CF167E9-65EC-4D8C-97F0-E6C84ED31652}.Release|Any CPU.ActiveCfg = Release|Any CPU
		{2CF167E9-65EC-4D8C-97F0-E6C84ED31652}.Release|Any CPU.Build.0 = Release|Any CPU
		{E54CB42C-D268-4FA5-A00B-8156D1A2EF4C}.Debug|Any CPU.ActiveCfg = Debug|Any CPU
		{E54CB42C-D268-4FA5-A00B-8156D1A2EF4C}.Debug|Any CPU.Build.0 = Debug|Any CPU
		{E54CB42C-D268-4FA5-A00B-8156D1A2EF4C}.Release|Any CPU.ActiveCfg = Release|Any CPU
		{E54CB42C-D268-4FA5-A00B-8156D1A2EF4C}.Release|Any CPU.Build.0 = Release|Any CPU
		{4ACA7912-08AA-4CFA-8FA1-C1C60D70FE5B}.Debug|Any CPU.ActiveCfg = Debug|Any CPU
		{4ACA7912-08AA-4CFA-8FA1-C1C60D70FE5B}.Debug|Any CPU.Build.0 = Debug|Any CPU
		{4ACA7912-08AA-4CFA-8FA1-C1C60D70FE5B}.Release|Any CPU.ActiveCfg = Release|Any CPU
		{4ACA7912-08AA-4CFA-8FA1-C1C60D70FE5B}.Release|Any CPU.Build.0 = Release|Any CPU
	EndGlobalSection
	GlobalSection(SolutionProperties) = preSolution
		HideSolutionNode = FALSE
	EndGlobalSection
	GlobalSection(ExtensibilityGlobals) = postSolution
		VisualSVNWorkingCopyRoot = .
	EndGlobalSection
EndGlobal
